{
  "version": 4,
  "terraform_version": "1.14.9",
  "serial": 7,
  "lineage": "b470bef1-2c8a-203e-6061-3027ae581101",
  "outputs": {
    "gateway_base_url": {
      "value": "http://18.191.36.207:4000/v1",
      "type": "string"
    },
    "instance_id": {
      "value": "i-04ac21f9223360f27",
      "type": "string"
    },
    "litellm_api_key": {
      "value": "WqPLeRYB0JD076klEElvRaTdsUrLv6oc",
      "type": "string",
      "sensitive": true
    },
    "public_ip": {
      "value": "18.191.36.207",
      "type": "string"
    },
    "ssm_start_session_command": {
      "value": "aws ssm start-session --target i-04ac21f9223360f27 --region us-east-2",
      "type": "string"
    },
    "vllm_base_url": {
      "value": "http://18.191.36.207:8000/v1",
      "type": "string"
    }
  },
  "resources": [
    {
      "mode": "data",
      "type": "aws_ami",
      "name": "dlami",
      "provider": "provider[\"registry.terraform.io/hashicorp/aws\"]",
      "instances": [
        {
          "schema_version": 0,
          "attributes": {
            "architecture": "x86_64",
            "arn": "arn:aws:ec2:us-east-2::image/ami-053887453baa29a3c",
            "block_device_mappings": [
              {
                "device_name": "/dev/sda1",
                "ebs": {
                  "delete_on_termination": "true",
                  "encrypted": "false",
                  "iops": "3000",
                  "snapshot_id": "snap-0b444eea1d62662a7",
                  "throughput": "125",
                  "volume_initialization_rate": "0",
                  "volume_size": "75",
                  "volume_type": "gp3"
                },
                "no_device": "",
                "virtual_name": ""
              },
              {
                "device_name": "/dev/sdb",
                "ebs": {},
                "no_device": "",
                "virtual_name": "ephemeral0"
              },
              {
                "device_name": "/dev/sdc",
                "ebs": {},
                "no_device": "",
                "virtual_name": "ephemeral1"
              }
            ],
            "boot_mode": "uefi-preferred",
            "creation_date": "2026-06-30T15:09:16.000Z",
            "deprecation_time": "2028-06-30T15:09:16.000Z",
            "description": "Supported EC2 instances: G4dn, G5, G6, Gr6, G6e, G7, G7e, P4d, P4de, P5, P5e, P5en, P6-B200, P6-B300. Release notes: https://aws.amazon.com/releasenotes/aws-deep-learning-base-gpu-ami-ubuntu-22-04/",
            "ena_support": true,
            "executable_users": null,
            "filter": [
              {
                "name": "architecture",
                "values": [
                  "x86_64"
                ]
              },
              {
                "name": "name",
                "values": [
                  "Deep Learning Base OSS Nvidia Driver GPU AMI (Ubuntu 22.04) *"
                ]
              },
              {
                "name": "root-device-type",
                "values": [
                  "ebs"
                ]
              },
              {
                "name": "virtualization-type",
                "values": [
                  "hvm"
                ]
              }
            ],
            "hypervisor": "xen",
            "id": "ami-053887453baa29a3c",
            "image_id": "ami-053887453baa29a3c",
            "image_location": "amazon/Deep Learning Base OSS Nvidia Driver GPU AMI (Ubuntu 22.04) 20260630",
            "image_owner_alias": "amazon",
            "image_type": "machine",
            "imds_support": "",
            "include_deprecated": false,
            "kernel_id": "",
            "last_launched_time": "",
            "most_recent": true,
            "name": "Deep Learning Base OSS Nvidia Driver GPU AMI (Ubuntu 22.04) 20260630",
            "name_regex": null,
            "owner_id": "898082745236",
            "owners": [
              "amazon"
            ],
            "platform": "",
            "platform_details": "Linux/UNIX",
            "product_codes": [],
            "public": true,
            "ramdisk_id": "",
            "root_device_name": "/dev/sda1",
            "root_device_type": "ebs",
            "root_snapshot_id": "snap-0b444eea1d62662a7",
            "sriov_net_support": "simple",
            "state": "available",
            "state_reason": {
              "code": "UNSET",
              "message": "UNSET"
            },
            "tags": {},
            "timeouts": null,
            "tpm_support": "",
            "uefi_data": null,
            "usage_operation": "RunInstances",
            "virtualization_type": "hvm"
          },
          "sensitive_attributes": [],
          "identity_schema_version": 0
        }
      ]
    },
    {
      "mode": "data",
      "type": "aws_subnets",
      "name": "selected",
      "provider": "provider[\"registry.terraform.io/hashicorp/aws\"]",
      "instances": [
        {
          "schema_version": 0,
          "attributes": {
            "filter": [
              {
                "name": "vpc-id",
                "values": [
                  "vpc-01a4ced3ec3bb4315"
                ]
              }
            ],
            "id": "us-east-2",
            "ids": [
              "subnet-0ba57fd3526d6085d",
              "subnet-0919b33fa0a8bd548",
              "subnet-0f2aec11e3806f6f0"
            ],
            "tags": null,
            "timeouts": null
          },
          "sensitive_attributes": [],
          "identity_schema_version": 0
        }
      ]
    },
    {
      "mode": "data",
      "type": "aws_vpc",
      "name": "selected",
      "provider": "provider[\"registry.terraform.io/hashicorp/aws\"]",
      "instances": [
        {
          "schema_version": 0,
          "attributes": {
            "arn": "arn:aws:ec2:us-east-2:615299764834:vpc/vpc-01a4ced3ec3bb4315",
            "cidr_block": "172.31.0.0/16",
            "cidr_block_associations": [
              {
                "association_id": "vpc-cidr-assoc-027eefaaaea6d6319",
                "cidr_block": "172.31.0.0/16",
                "state": "associated"
              }
            ],
            "default": true,
            "dhcp_options_id": "dopt-05837acefa68ab611",
            "enable_dns_hostnames": true,
            "enable_dns_support": true,
            "enable_network_address_usage_metrics": false,
            "filter": null,
            "id": "vpc-01a4ced3ec3bb4315",
            "instance_tenancy": "default",
            "ipv6_association_id": "",
            "ipv6_cidr_block": "",
            "main_route_table_id": "rtb-0299cd46bcb3d23a4",
            "owner_id": "615299764834",
            "state": null,
            "tags": {},
            "timeouts": null
          },
          "sensitive_attributes": [],
          "identity_schema_version": 0
        }
      ]
    },
    {
      "mode": "managed",
      "type": "aws_iam_instance_profile",
      "name": "instance",
      "provider": "provider[\"registry.terraform.io/hashicorp/aws\"]",
      "instances": [
        {
          "schema_version": 0,
          "attributes": {
            "arn": "arn:aws:iam::615299764834:instance-profile/coder-gateway-instance-profile",
            "create_date": "2026-07-01T14:30:15Z",
            "id": "coder-gateway-instance-profile",
            "name": "coder-gateway-instance-profile",
            "name_prefix": "",
            "path": "/",
            "role": "coder-gateway-instance-role",
            "tags": null,
            "tags_all": {},
            "unique_id": "AIPAY6QVZKJRFDMTE2FKJ"
          },
          "sensitive_attributes": [],
          "identity_schema_version": 0,
          "private": "bnVsbA==",
          "dependencies": [
            "aws_iam_role.instance"
          ]
        }
      ]
    },
    {
      "mode": "managed",
      "type": "aws_iam_role",
      "name": "instance",
      "provider": "provider[\"registry.terraform.io/hashicorp/aws\"]",
      "instances": [
        {
          "schema_version": 0,
          "attributes": {
            "arn": "arn:aws:iam::615299764834:role/coder-gateway-instance-role",
            "assume_role_policy": "{\"Statement\":[{\"Action\":\"sts:AssumeRole\",\"Effect\":\"Allow\",\"Principal\":{\"Service\":\"ec2.amazonaws.com\"}}],\"Version\":\"2012-10-17\"}",
            "create_date": "2026-07-01T14:30:14Z",
            "description": "",
            "force_detach_policies": false,
            "id": "coder-gateway-instance-role",
            "inline_policy": [],
            "managed_policy_arns": [],
            "max_session_duration": 3600,
            "name": "coder-gateway-instance-role",
            "name_prefix": "",
            "path": "/",
            "permissions_boundary": "",
            "tags": null,
            "tags_all": {},
            "unique_id": "AROAY6QVZKJRLSFSTM4U7"
          },
          "sensitive_attributes": [],
          "identity_schema_version": 0,
          "private": "bnVsbA=="
        }
      ]
    },
    {
      "mode": "managed",
      "type": "aws_iam_role_policy_attachment",
      "name": "ssm",
      "provider": "provider[\"registry.terraform.io/hashicorp/aws\"]",
      "instances": [
        {
          "schema_version": 0,
          "attributes": {
            "id": "coder-gateway-instance-role-20260701143015147700000001",
            "policy_arn": "arn:aws:iam::aws:policy/AmazonSSMManagedInstanceCore",
            "role": "coder-gateway-instance-role"
          },
          "sensitive_attributes": [],
          "identity_schema_version": 0,
          "private": "bnVsbA==",
          "dependencies": [
            "aws_iam_role.instance"
          ]
        }
      ]
    },
    {
      "mode": "managed",
      "type": "aws_instance",
      "name": "endpoint",
      "provider": "provider[\"registry.terraform.io/hashicorp/aws\"]",
      "instances": [
        {
          "schema_version": 1,
          "attributes": {
            "ami": "ami-053887453baa29a3c",
            "arn": "arn:aws:ec2:us-east-2:615299764834:instance/i-04ac21f9223360f27",
            "associate_public_ip_address": true,
            "availability_zone": "us-east-2c",
            "capacity_reservation_specification": [
              {
                "capacity_reservation_preference": "open",
                "capacity_reservation_target": []
              }
            ],
            "cpu_core_count": 4,
            "cpu_options": [
              {
                "amd_sev_snp": "",
                "core_count": 4,
                "threads_per_core": 2
              }
            ],
            "cpu_threads_per_core": 2,
            "credit_specification": [],
            "disable_api_stop": false,
            "disable_api_termination": false,
            "ebs_block_device": [],
            "ebs_optimized": false,
            "enable_primary_ipv6": null,
            "enclave_options": [
              {
                "enabled": false
              }
            ],
            "ephemeral_block_device": [],
            "get_password_data": false,
            "hibernation": false,
            "host_id": "",
            "host_resource_group_arn": null,
            "iam_instance_profile": "coder-gateway-instance-profile",
            "id": "i-04ac21f9223360f27",
            "instance_initiated_shutdown_behavior": "stop",
            "instance_lifecycle": "",
            "instance_market_options": [],
            "instance_state": "running",
            "instance_type": "g6e.2xlarge",
            "ipv6_address_count": 0,
            "ipv6_addresses": [],
            "key_name": "",
            "launch_template": [],
            "maintenance_options": [
              {
                "auto_recovery": "default"
              }
            ],
            "metadata_options": [
              {
                "http_endpoint": "enabled",
                "http_protocol_ipv6": "disabled",
                "http_put_response_hop_limit": 2,
                "http_tokens": "required",
                "instance_metadata_tags": "disabled"
              }
            ],
            "monitoring": false,
            "network_interface": [],
            "outpost_arn": "",
            "password_data": "",
            "placement_group": "",
            "placement_partition_number": 0,
            "primary_network_interface_id": "eni-057e389e6f04574d6",
            "private_dns": "ip-172-31-45-193.us-east-2.compute.internal",
            "private_dns_name_options": [
              {
                "enable_resource_name_dns_a_record": false,
                "enable_resource_name_dns_aaaa_record": false,
                "hostname_type": "ip-name"
              }
            ],
            "private_ip": "172.31.45.193",
            "public_dns": "ec2-18-191-36-207.us-east-2.compute.amazonaws.com",
            "public_ip": "18.191.36.207",
            "root_block_device": [
              {
                "delete_on_termination": true,
                "device_name": "/dev/sda1",
                "encrypted": false,
                "iops": 6000,
                "kms_key_id": "",
                "tags": null,
                "tags_all": {},
                "throughput": 250,
                "volume_id": "vol-0969608cea65462ba",
                "volume_size": 500,
                "volume_type": "gp3"
              }
            ],
            "secondary_private_ips": [],
            "security_groups": [
              "coder-gateway-sg"
            ],
            "source_dest_check": true,
            "spot_instance_request_id": "",
            "subnet_id": "subnet-0919b33fa0a8bd548",
            "tags": {
              "Name": "coder-gateway-g6e"
            },
            "tags_all": {
              "Name": "coder-gateway-g6e"
            },
            "tenancy": "default",
            "timeouts": null,
            "user_data": "f2546238daa37f1b75420d4f7fdb57a2d1804ed5",
            "user_data_base64": null,
            "user_data_replace_on_change": true,
            "volume_tags": null,
            "vpc_security_group_ids": [
              "sg-051eee882d258afd5"
            ]
          },
          "sensitive_attributes": [
            [
              {
                "type": "get_attr",
                "value": "user_data"
              }
            ]
          ],
          "identity_schema_version": 0,
          "private": "eyJlMmJmYjczMC1lY2FhLTExZTYtOGY4OC0zNDM2M2JjN2M0YzAiOnsiY3JlYXRlIjo2MDAwMDAwMDAwMDAsImRlbGV0ZSI6MTIwMDAwMDAwMDAwMCwicmVhZCI6OTAwMDAwMDAwMDAwLCJ1cGRhdGUiOjYwMDAwMDAwMDAwMH0sInNjaGVtYV92ZXJzaW9uIjoiMSJ9",
          "dependencies": [
            "aws_iam_instance_profile.instance",
            "aws_iam_role.instance",
            "aws_security_group.endpoint",
            "data.aws_ami.dlami",
            "data.aws_subnets.selected",
            "data.aws_vpc.selected",
            "random_password.litellm_master_key"
          ]
        }
      ]
    },
    {
      "mode": "managed",
      "type": "aws_security_group",
      "name": "endpoint",
      "provider": "provider[\"registry.terraform.io/hashicorp/aws\"]",
      "instances": [
        {
          "schema_version": 1,
          "attributes": {
            "arn": "arn:aws:ec2:us-east-2:615299764834:security-group/sg-051eee882d258afd5",
            "description": "Coder harness gateway access",
            "egress": [
              {
                "cidr_blocks": [
                  "0.0.0.0/0"
                ],
                "description": "Outbound",
                "from_port": 0,
                "ipv6_cidr_blocks": [],
                "prefix_list_ids": [],
                "protocol": "-1",
                "security_groups": [],
                "self": false,
                "to_port": 0
              }
            ],
            "id": "sg-051eee882d258afd5",
            "ingress": [
              {
                "cidr_blocks": [
                  "108.26.230.24/32"
                ],
                "description": "Direct vLLM OpenAI API for diagnostics",
                "from_port": 8000,
                "ipv6_cidr_blocks": [],
                "prefix_list_ids": [],
                "protocol": "tcp",
                "security_groups": [],
                "self": false,
                "to_port": 8000
              },
              {
                "cidr_blocks": [
                  "108.26.230.24/32"
                ],
                "description": "LiteLLM gateway",
                "from_port": 4000,
                "ipv6_cidr_blocks": [],
                "prefix_list_ids": [],
                "protocol": "tcp",
                "security_groups": [],
                "self": false,
                "to_port": 4000
              }
            ],
            "name": "coder-gateway-sg",
            "name_prefix": "",
            "owner_id": "615299764834",
            "revoke_rules_on_delete": false,
            "tags": {
              "Name": "coder-gateway-sg"
            },
            "tags_all": {
              "Name": "coder-gateway-sg"
            },
            "timeouts": null,
            "vpc_id": "vpc-01a4ced3ec3bb4315"
          },
          "sensitive_attributes": [],
          "identity_schema_version": 0,
          "private": "eyJlMmJmYjczMC1lY2FhLTExZTYtOGY4OC0zNDM2M2JjN2M0YzAiOnsiY3JlYXRlIjo2MDAwMDAwMDAwMDAsImRlbGV0ZSI6OTAwMDAwMDAwMDAwfSwic2NoZW1hX3ZlcnNpb24iOiIxIn0=",
          "dependencies": [
            "data.aws_vpc.selected"
          ]
        }
      ]
    },
    {
      "mode": "managed",
      "type": "random_password",
      "name": "litellm_master_key",
      "provider": "provider[\"registry.terraform.io/hashicorp/random\"]",
      "instances": [
        {
          "schema_version": 3,
          "attributes": {
            "bcrypt_hash": "$2a$10$u8EbnfsMA/ppR5WW7s7uauykNRkI6r2GlDy5/sqJ61GwqcBqvbr8q",
            "id": "none",
            "keepers": null,
            "length": 32,
            "lower": true,
            "min_lower": 0,
            "min_numeric": 0,
            "min_special": 0,
            "min_upper": 0,
            "number": true,
            "numeric": true,
            "override_special": null,
            "result": "WqPLeRYB0JD076klEElvRaTdsUrLv6oc",
            "special": false,
            "upper": true
          },
          "sensitive_attributes": [
            [
              {
                "type": "get_attr",
                "value": "bcrypt_hash"
              }
            ],
            [
              {
                "type": "get_attr",
                "value": "result"
              }
            ]
          ],
          "identity_schema_version": 0
        }
      ]
    }
  ],
  "check_results": null
}
