{
  "version": 4,
  "terraform_version": "1.14.9",
  "serial": 14,
  "lineage": "80292094-6f53-48f0-c3d0-becc18d156c7",
  "outputs": {
    "endpoint_config_name": {
      "value": "coder-vllm-61ed21e8",
      "type": "string"
    },
    "endpoint_name": {
      "value": "coder-vllm-61ed21e8",
      "type": "string"
    },
    "image_uri": {
      "value": "763104351884.dkr.ecr.us-east-2.amazonaws.com/djl-inference:0.36.0-lmi26.0.0-cu130",
      "type": "string"
    },
    "model_name": {
      "value": "coder-vllm-61ed21e8",
      "type": "string"
    },
    "region": {
      "value": "us-east-2",
      "type": "string"
    }
  },
  "resources": [
    {
      "mode": "managed",
      "type": "aws_iam_role",
      "name": "sagemaker_execution",
      "provider": "provider[\"registry.terraform.io/hashicorp/aws\"]",
      "instances": [
        {
          "schema_version": 0,
          "attributes": {
            "arn": "arn:aws:iam::615299764834:role/coder-vllm-61ed21e8-exec",
            "assume_role_policy": "{\"Statement\":[{\"Action\":\"sts:AssumeRole\",\"Effect\":\"Allow\",\"Principal\":{\"Service\":\"sagemaker.amazonaws.com\"}}],\"Version\":\"2012-10-17\"}",
            "create_date": "2026-07-01T14:38:39Z",
            "description": "",
            "force_detach_policies": false,
            "id": "coder-vllm-61ed21e8-exec",
            "inline_policy": [
              {
                "name": "coder-vllm-61ed21e8-policy",
                "policy": "{\"Version\":\"2012-10-17\",\"Statement\":[{\"Action\":[\"ecr:GetAuthorizationToken\",\"ecr:BatchCheckLayerAvailability\",\"ecr:GetDownloadUrlForLayer\",\"ecr:BatchGetImage\"],\"Effect\":\"Allow\",\"Resource\":\"*\"},{\"Action\":[\"logs:CreateLogGroup\",\"logs:CreateLogStream\",\"logs:DescribeLogStreams\",\"logs:PutLogEvents\"],\"Effect\":\"Allow\",\"Resource\":\"*\"},{\"Action\":[\"cloudwatch:PutMetricData\"],\"Effect\":\"Allow\",\"Resource\":\"*\"},{\"Action\":[\"s3:GetObject\",\"s3:ListBucket\"],\"Effect\":\"Allow\",\"Resource\":\"*\"}]}"
              }
            ],
            "managed_policy_arns": [],
            "max_session_duration": 3600,
            "name": "coder-vllm-61ed21e8-exec",
            "name_prefix": "",
            "path": "/",
            "permissions_boundary": "",
            "tags": {},
            "tags_all": {},
            "unique_id": "AROAY6QVZKJRH4HAXCLWU"
          },
          "sensitive_attributes": [],
          "identity_schema_version": 0,
          "private": "bnVsbA==",
          "dependencies": [
            "random_id.suffix"
          ]
        }
      ]
    },
    {
      "mode": "managed",
      "type": "aws_iam_role_policy",
      "name": "sagemaker_execution",
      "provider": "provider[\"registry.terraform.io/hashicorp/aws\"]",
      "instances": [
        {
          "schema_version": 0,
          "attributes": {
            "id": "coder-vllm-61ed21e8-exec:coder-vllm-61ed21e8-policy",
            "name": "coder-vllm-61ed21e8-policy",
            "name_prefix": "",
            "policy": "{\"Version\":\"2012-10-17\",\"Statement\":[{\"Action\":[\"ecr:GetAuthorizationToken\",\"ecr:BatchCheckLayerAvailability\",\"ecr:GetDownloadUrlForLayer\",\"ecr:BatchGetImage\"],\"Effect\":\"Allow\",\"Resource\":\"*\"},{\"Action\":[\"logs:CreateLogGroup\",\"logs:CreateLogStream\",\"logs:DescribeLogStreams\",\"logs:PutLogEvents\"],\"Effect\":\"Allow\",\"Resource\":\"*\"},{\"Action\":[\"cloudwatch:PutMetricData\"],\"Effect\":\"Allow\",\"Resource\":\"*\"},{\"Action\":[\"s3:GetObject\",\"s3:ListBucket\"],\"Effect\":\"Allow\",\"Resource\":\"*\"}]}",
            "role": "coder-vllm-61ed21e8-exec"
          },
          "sensitive_attributes": [],
          "identity_schema_version": 0,
          "private": "bnVsbA==",
          "dependencies": [
            "aws_iam_role.sagemaker_execution",
            "random_id.suffix"
          ]
        }
      ]
    },
    {
      "mode": "managed",
      "type": "aws_sagemaker_endpoint",
      "name": "vllm",
      "provider": "provider[\"registry.terraform.io/hashicorp/aws\"]",
      "instances": [
        {
          "schema_version": 0,
          "attributes": {
            "arn": "arn:aws:sagemaker:us-east-2:615299764834:endpoint/coder-vllm-61ed21e8",
            "deployment_config": [],
            "endpoint_config_name": "coder-vllm-61ed21e8",
            "id": "coder-vllm-61ed21e8",
            "name": "coder-vllm-61ed21e8",
            "tags": null,
            "tags_all": {}
          },
          "sensitive_attributes": [],
          "identity_schema_version": 0,
          "private": "bnVsbA==",
          "dependencies": [
            "aws_iam_role.sagemaker_execution",
            "aws_iam_role_policy.sagemaker_execution",
            "aws_sagemaker_endpoint_configuration.vllm",
            "aws_sagemaker_model.vllm",
            "random_id.suffix",
            "time_sleep.iam_propagation"
          ]
        }
      ]
    },
    {
      "mode": "managed",
      "type": "aws_sagemaker_endpoint_configuration",
      "name": "vllm",
      "provider": "provider[\"registry.terraform.io/hashicorp/aws\"]",
      "instances": [
        {
          "schema_version": 0,
          "attributes": {
            "arn": "arn:aws:sagemaker:us-east-2:615299764834:endpoint-config/coder-vllm-61ed21e8",
            "async_inference_config": [],
            "data_capture_config": [],
            "id": "coder-vllm-61ed21e8",
            "kms_key_arn": "",
            "name": "coder-vllm-61ed21e8",
            "name_prefix": "",
            "production_variants": [
              {
                "accelerator_type": "",
                "container_startup_health_check_timeout_in_seconds": 3600,
                "core_dump_config": [],
                "enable_ssm_access": false,
                "inference_ami_version": "",
                "initial_instance_count": 1,
                "initial_variant_weight": 1,
                "instance_type": "ml.g5.12xlarge",
                "managed_instance_scaling": [],
                "model_data_download_timeout_in_seconds": 3600,
                "model_name": "coder-vllm-61ed21e8",
                "routing_config": [],
                "serverless_config": [],
                "variant_name": "AllTraffic",
                "volume_size_in_gb": 0
              }
            ],
            "shadow_production_variants": [],
            "tags": {},
            "tags_all": {}
          },
          "sensitive_attributes": [],
          "identity_schema_version": 0,
          "private": "bnVsbA==",
          "dependencies": [
            "aws_iam_role.sagemaker_execution",
            "aws_iam_role_policy.sagemaker_execution",
            "aws_sagemaker_model.vllm",
            "random_id.suffix",
            "time_sleep.iam_propagation"
          ]
        }
      ]
    },
    {
      "mode": "managed",
      "type": "aws_sagemaker_model",
      "name": "vllm",
      "provider": "provider[\"registry.terraform.io/hashicorp/aws\"]",
      "instances": [
        {
          "schema_version": 0,
          "attributes": {
            "arn": "arn:aws:sagemaker:us-east-2:615299764834:model/coder-vllm-61ed21e8",
            "container": [],
            "enable_network_isolation": false,
            "execution_role_arn": "arn:aws:iam::615299764834:role/coder-vllm-61ed21e8-exec",
            "id": "coder-vllm-61ed21e8",
            "inference_execution_config": [],
            "name": "coder-vllm-61ed21e8",
            "primary_container": [
              {
                "container_hostname": "",
                "environment": {
                  "HF_MODEL_ID": "Qwen/Qwen2.5-Coder-32B-Instruct-AWQ",
                  "OPTION_DTYPE": "auto",
                  "OPTION_ENGINE": "Python",
                  "OPTION_GPU_MEMORY_UTILIZATION": "0.9",
                  "OPTION_MAX_MODEL_LEN": "32768",
                  "OPTION_MODEL_ID": "Qwen/Qwen2.5-Coder-32B-Instruct-AWQ",
                  "OPTION_ROLLING_BATCH": "vllm",
                  "OPTION_TASK": "text-generation",
                  "OPTION_TENSOR_PARALLEL_DEGREE": "max",
                  "OPTION_TRUST_REMOTE_CODE": "false"
                },
                "image": "763104351884.dkr.ecr.us-east-2.amazonaws.com/djl-inference:0.36.0-lmi26.0.0-cu130",
                "image_config": [],
                "inference_specification_name": "",
                "mode": "SingleModel",
                "model_data_source": [],
                "model_data_url": "",
                "model_package_name": "",
                "multi_model_config": []
              }
            ],
            "tags": null,
            "tags_all": {},
            "vpc_config": []
          },
          "sensitive_attributes": [],
          "identity_schema_version": 0,
          "private": "bnVsbA==",
          "dependencies": [
            "aws_iam_role.sagemaker_execution",
            "aws_iam_role_policy.sagemaker_execution",
            "random_id.suffix",
            "time_sleep.iam_propagation"
          ]
        }
      ]
    },
    {
      "mode": "managed",
      "type": "random_id",
      "name": "suffix",
      "provider": "provider[\"registry.terraform.io/hashicorp/random\"]",
      "instances": [
        {
          "schema_version": 0,
          "attributes": {
            "b64_std": "Ye0h6A==",
            "b64_url": "Ye0h6A",
            "byte_length": 4,
            "dec": "1642930664",
            "hex": "61ed21e8",
            "id": "Ye0h6A",
            "keepers": null,
            "prefix": null
          },
          "sensitive_attributes": [],
          "identity_schema_version": 0
        }
      ]
    },
    {
      "mode": "managed",
      "type": "time_sleep",
      "name": "iam_propagation",
      "provider": "provider[\"registry.terraform.io/hashicorp/time\"]",
      "instances": [
        {
          "schema_version": 0,
          "attributes": {
            "create_duration": "60s",
            "destroy_duration": null,
            "id": "2026-07-01T14:40:42Z",
            "triggers": null
          },
          "sensitive_attributes": [],
          "identity_schema_version": 0,
          "dependencies": [
            "aws_iam_role.sagemaker_execution",
            "aws_iam_role_policy.sagemaker_execution",
            "random_id.suffix"
          ]
        }
      ]
    }
  ],
  "check_results": null
}
